
Microsoft Visual Studio Solution File, Format Version 12.00
# Visual Studio Version 17
VisualStudioVersion = 17.8.34408.163
MinimumVisualStudioVersion = 10.0.40219.1
Project("{9A19103F-16F7-4668-BE54-9A1E7A4F7556}") = "Skillearn.API", "Skillearn.Server\Skillearn.API.csproj", "{77651A9D-959D-4C90-8A34-F9698F6C0986}"
EndProject
Project("{FAE04EC0-301F-11D3-BF4B-00C04F79EFBC}") = "Skillearn.APP", "Skillearn.APP\Skillearn.APP.csproj", "{2531553A-DAAB-41D8-B9B1-4FB48ECA83DD}"
	ProjectSection(ProjectDependencies) = postProject
		{77651A9D-959D-4C90-8A34-F9698F6C0986} = {77651A9D-959D-4C90-8A34-F9698F6C0986}
	EndProjectSection
EndProject
Global
	GlobalSection(SolutionConfigurationPlatforms) = preSolution
		Debug|Any CPU = Debug|Any CPU
		Release|Any CPU = Release|Any CPU
	EndGlobalSection
	GlobalSection(ProjectConfigurationPlatforms) = postSolution
		{77651A9D-959D-4C90-8A34-F9698F6C0986}.Debug|Any CPU.ActiveCfg = Debug|Any CPU
		{77651A9D-959D-4C90-8A34-F9698F6C0986}.Debug|Any CPU.Build.0 = Debug|Any CPU
		{77651A9D-959D-4C90-8A34-F9698F6C0986}.Release|Any CPU.ActiveCfg = Release|Any CPU
		{77651A9D-959D-4C90-8A34-F9698F6C0986}.Release|Any CPU.Build.0 = Release|Any CPU
		{2531553A-DAAB-41D8-B9B1-4FB48ECA83DD}.Debug|Any CPU.ActiveCfg = Debug|Any CPU
		{2531553A-DAAB-41D8-B9B1-4FB48ECA83DD}.Debug|Any CPU.Build.0 = Debug|Any CPU
		{2531553A-DAAB-41D8-B9B1-4FB48ECA83DD}.Release|Any CPU.ActiveCfg = Release|Any CPU
		{2531553A-DAAB-41D8-B9B1-4FB48ECA83DD}.Release|Any CPU.Build.0 = Release|Any CPU
	EndGlobalSection
	GlobalSection(SolutionProperties) = preSolution
		HideSolutionNode = FALSE
	EndGlobalSection
	GlobalSection(ExtensibilityGlobals) = postSolution
		SolutionGuid = {AB0C3F77-AC8E-438C-B126-8053F8FFB29B}
	EndGlobalSection
EndGlobal
